{
  "projects": [
    {
      "projectId": "rdregu4mMb4hXErVfc3qjL",
      "version": "latest",
      "dependencies": {},
      "lang": "ts",
      "fileLocks": [
        {
          "type": "globalVariant",
          "assetId": "KoevlBIh6YB",
          "checksum": "3d4eb76d62b30db6b47d95058051220c"
        },
        {
          "type": "renderModule",
          "assetId": "wnLHqGI6HV",
          "checksum": "2e3bae55bc9ece4c87a4ec2e14daa400"
        },
        {
          "type": "cssRules",
          "assetId": "wnLHqGI6HV",
          "checksum": "2e3bae55bc9ece4c87a4ec2e14daa400"
        },
        {
          "type": "icon",
          "assetId": "tcPmboLC0Qj",
          "checksum": "2af729ddd02c638042b3394370321c8d"
        },
        {
          "type": "icon",
          "assetId": "5etkjoES3HE",
          "checksum": "e87099f14ca495ff2769b1bd5853ff8e"
        },
        {
          "type": "image",
          "assetId": "XTckdLX4KI1",
          "checksum": "2a7d3402282d2d3dfbd1882325287afa"
        },
        {
          "type": "renderModule",
          "assetId": "t2ViKBu55f",
          "checksum": "7752dae1ae73ab5a40f56a51f75b0405"
        },
        {
          "type": "cssRules",
          "assetId": "t2ViKBu55f",
          "checksum": "7752dae1ae73ab5a40f56a51f75b0405"
        },
        {
          "type": "renderModule",
          "assetId": "s4XP6RGLBE",
          "checksum": "393343f2c738844d942ac577ed7c213a"
        },
        {
          "type": "cssRules",
          "assetId": "s4XP6RGLBE",
          "checksum": "393343f2c738844d942ac577ed7c213a"
        },
        {
          "type": "renderModule",
          "assetId": "LxF1egWM_2",
          "checksum": "48d3f479dd2c98bafc17b820bc722b63"
        },
        {
          "type": "cssRules",
          "assetId": "LxF1egWM_2",
          "checksum": "48d3f479dd2c98bafc17b820bc722b63"
        },
        {
          "type": "renderModule",
          "assetId": "w14gK1007wL",
          "checksum": "41e9befc0164f84966e9ce3907c50e30"
        },
        {
          "type": "cssRules",
          "assetId": "w14gK1007wL",
          "checksum": "41e9befc0164f84966e9ce3907c50e30"
        },
        {
          "type": "renderModule",
          "assetId": "V7BbCwr-pLu",
          "checksum": "f449851cbc0876018316ae25b40d1a1e"
        },
        {
          "type": "cssRules",
          "assetId": "V7BbCwr-pLu",
          "checksum": "f449851cbc0876018316ae25b40d1a1e"
        },
        {
          "type": "icon",
          "assetId": "KSBOK07UX8U",
          "checksum": "acee6d0b6c20f0698ae6bdedc9dbd4d1"
        },
        {
          "type": "icon",
          "assetId": "RCMerZM6K3F",
          "checksum": "502bb488547a93eefa5487a669d42943"
        },
        {
          "type": "icon",
          "assetId": "vm-uGfGqmSN",
          "checksum": "ebcecb1f60a7520f4c7e7c391860bbf4"
        },
        {
          "type": "renderModule",
          "assetId": "PG86SX5hUp",
          "checksum": "48de73fe03defdfe79144778f47be59d"
        },
        {
          "type": "cssRules",
          "assetId": "PG86SX5hUp",
          "checksum": "48de73fe03defdfe79144778f47be59d"
        },
        {
          "assetId": "rdregu4mMb4hXErVfc3qjL",
          "type": "projectCss",
          "checksum": "751872cf33e1aa2243b39507a7f8417f"
        },
        {
          "type": "renderModule",
          "assetId": "ymPlshSjp4",
          "checksum": "b5cbb63c0d5675387157626d6fa76eba"
        },
        {
          "type": "cssRules",
          "assetId": "ymPlshSjp4",
          "checksum": "b5cbb63c0d5675387157626d6fa76eba"
        },
        {
          "type": "renderModule",
          "assetId": "By3pjKN_kh",
          "checksum": "3c8753b3188eb0d686ef18359df66596"
        },
        {
          "type": "cssRules",
          "assetId": "By3pjKN_kh",
          "checksum": "3c8753b3188eb0d686ef18359df66596"
        },
        {
          "type": "renderModule",
          "assetId": "ZoPojSHpjk",
          "checksum": "55cdddd46b1673c48d94cb54d30618d0"
        },
        {
          "type": "cssRules",
          "assetId": "ZoPojSHpjk",
          "checksum": "55cdddd46b1673c48d94cb54d30618d0"
        }
      ],
      "codegenVersion": "0.0.1"
    }
  ],
  "cliVersion": "0.1.167"
}
