{
  "projects": [
    {
      "projectId": "rdregu4mMb4hXErVfc3qjL",
      "version": "latest",
      "dependencies": {},
      "lang": "ts",
      "fileLocks": [
        {
          "type": "globalVariant",
          "assetId": "KoevlBIh6YB",
          "checksum": "3d4eb76d62b30db6b47d95058051220c"
        },
        {
          "type": "renderModule",
          "assetId": "wnLHqGI6HV",
          "checksum": "c746b9f06fba44de195f62096a02a9e4"
        },
        {
          "type": "cssRules",
          "assetId": "wnLHqGI6HV",
          "checksum": "c746b9f06fba44de195f62096a02a9e4"
        },
        {
          "type": "icon",
          "assetId": "tcPmboLC0Qj",
          "checksum": "2af729ddd02c638042b3394370321c8d"
        },
        {
          "type": "icon",
          "assetId": "5etkjoES3HE",
          "checksum": "e87099f14ca495ff2769b1bd5853ff8e"
        },
        {
          "type": "image",
          "assetId": "XTckdLX4KI1",
          "checksum": "2a7d3402282d2d3dfbd1882325287afa"
        },
        {
          "type": "renderModule",
          "assetId": "t2ViKBu55f",
          "checksum": "66fe0ca8a88e55fddfe5b21ed32a3425"
        },
        {
          "type": "cssRules",
          "assetId": "t2ViKBu55f",
          "checksum": "66fe0ca8a88e55fddfe5b21ed32a3425"
        },
        {
          "type": "renderModule",
          "assetId": "s4XP6RGLBE",
          "checksum": "81dc9c7206ca2d6c9ff1cdf7f2e12869"
        },
        {
          "type": "cssRules",
          "assetId": "s4XP6RGLBE",
          "checksum": "81dc9c7206ca2d6c9ff1cdf7f2e12869"
        },
        {
          "type": "renderModule",
          "assetId": "LxF1egWM_2",
          "checksum": "9d6f9d775bbde51534b20f615c14cdee"
        },
        {
          "type": "cssRules",
          "assetId": "LxF1egWM_2",
          "checksum": "9d6f9d775bbde51534b20f615c14cdee"
        },
        {
          "type": "renderModule",
          "assetId": "w14gK1007wL",
          "checksum": "4301232d1f2421551ba63845cfcfccf3"
        },
        {
          "type": "cssRules",
          "assetId": "w14gK1007wL",
          "checksum": "4301232d1f2421551ba63845cfcfccf3"
        },
        {
          "type": "renderModule",
          "assetId": "V7BbCwr-pLu",
          "checksum": "ca14f3cd34ea998006a34c78bdc59e24"
        },
        {
          "type": "cssRules",
          "assetId": "V7BbCwr-pLu",
          "checksum": "ca14f3cd34ea998006a34c78bdc59e24"
        },
        {
          "type": "icon",
          "assetId": "KSBOK07UX8U",
          "checksum": "acee6d0b6c20f0698ae6bdedc9dbd4d1"
        },
        {
          "type": "icon",
          "assetId": "RCMerZM6K3F",
          "checksum": "502bb488547a93eefa5487a669d42943"
        },
        {
          "type": "icon",
          "assetId": "vm-uGfGqmSN",
          "checksum": "ebcecb1f60a7520f4c7e7c391860bbf4"
        },
        {
          "assetId": "rdregu4mMb4hXErVfc3qjL",
          "type": "projectCss",
          "checksum": "751872cf33e1aa2243b39507a7f8417f"
        },
        {
          "type": "renderModule",
          "assetId": "PG86SX5hUp",
          "checksum": "aeba8ec4976bf95f75e1c16d9aeb5df4"
        },
        {
          "type": "cssRules",
          "assetId": "PG86SX5hUp",
          "checksum": "aeba8ec4976bf95f75e1c16d9aeb5df4"
        }
      ],
      "codegenVersion": "0.0.1"
    }
  ],
  "cliVersion": "0.1.167"
}
