{
  "projects": [
    {
      "projectId": "rdregu4mMb4hXErVfc3qjL",
      "version": "latest",
      "dependencies": {},
      "lang": "ts",
      "fileLocks": [
        {
          "type": "globalVariant",
          "assetId": "KoevlBIh6YB",
          "checksum": "3d4eb76d62b30db6b47d95058051220c"
        },
        {
          "type": "renderModule",
          "assetId": "wnLHqGI6HV",
          "checksum": "ec3e4b26da1d9331c0f79d1eb8ec91c8"
        },
        {
          "type": "cssRules",
          "assetId": "wnLHqGI6HV",
          "checksum": "ec3e4b26da1d9331c0f79d1eb8ec91c8"
        },
        {
          "type": "icon",
          "assetId": "tcPmboLC0Qj",
          "checksum": "2af729ddd02c638042b3394370321c8d"
        },
        {
          "type": "icon",
          "assetId": "5etkjoES3HE",
          "checksum": "e87099f14ca495ff2769b1bd5853ff8e"
        },
        {
          "type": "image",
          "assetId": "XTckdLX4KI1",
          "checksum": "2a7d3402282d2d3dfbd1882325287afa"
        },
        {
          "type": "renderModule",
          "assetId": "t2ViKBu55f",
          "checksum": "e2a9303228f77bd1dee076da0eefbf48"
        },
        {
          "type": "cssRules",
          "assetId": "t2ViKBu55f",
          "checksum": "e2a9303228f77bd1dee076da0eefbf48"
        },
        {
          "type": "renderModule",
          "assetId": "s4XP6RGLBE",
          "checksum": "9e68922500531fce11953aee9c6fe5ba"
        },
        {
          "type": "cssRules",
          "assetId": "s4XP6RGLBE",
          "checksum": "9e68922500531fce11953aee9c6fe5ba"
        },
        {
          "assetId": "rdregu4mMb4hXErVfc3qjL",
          "type": "projectCss",
          "checksum": "a4d8073ffbae87f7d2078ce503b45e7b"
        },
        {
          "type": "renderModule",
          "assetId": "LxF1egWM_2",
          "checksum": "64516e00b6d73cb319f0df5c761a6a1b"
        },
        {
          "type": "cssRules",
          "assetId": "LxF1egWM_2",
          "checksum": "64516e00b6d73cb319f0df5c761a6a1b"
        },
        {
          "type": "renderModule",
          "assetId": "w14gK1007wL",
          "checksum": "f44abb94288886e0d09feb8f52dc5b7d"
        },
        {
          "type": "cssRules",
          "assetId": "w14gK1007wL",
          "checksum": "f44abb94288886e0d09feb8f52dc5b7d"
        },
        {
          "type": "renderModule",
          "assetId": "V7BbCwr-pLu",
          "checksum": "782100c001dedfe8c15366309d1f8004"
        },
        {
          "type": "cssRules",
          "assetId": "V7BbCwr-pLu",
          "checksum": "782100c001dedfe8c15366309d1f8004"
        },
        {
          "type": "icon",
          "assetId": "KSBOK07UX8U",
          "checksum": "acee6d0b6c20f0698ae6bdedc9dbd4d1"
        },
        {
          "type": "icon",
          "assetId": "RCMerZM6K3F",
          "checksum": "502bb488547a93eefa5487a669d42943"
        },
        {
          "type": "icon",
          "assetId": "vm-uGfGqmSN",
          "checksum": "ebcecb1f60a7520f4c7e7c391860bbf4"
        }
      ]
    }
  ],
  "cliVersion": "0.1.167"
}
